
Microsoft Visual Studio Solution File, Format Version 12.00
# Visual Studio 15
VisualStudioVersion = 15.0.26228.18
MinimumVisualStudioVersion = 10.0.40219.1
Project("{F184B08F-C81C-45F6-A57F-5ABD9991F28F}") = "Avfuel System", "Avfuel System\Avfuel System.vbproj", "{96E9495E-844A-45C4-8DA4-4FEA184F82AB}"
EndProject
Global
	GlobalSection(SolutionConfigurationPlatforms) = preSolution
		Debug|Any CPU = Debug|Any CPU
		Release|Any CPU = Release|Any CPU
	EndGlobalSection
	GlobalSection(ProjectConfigurationPlatforms) = postSolution
		{96E9495E-844A-45C4-8DA4-4FEA184F82AB}.Debug|Any CPU.ActiveCfg = Debug|Any CPU
		{96E9495E-844A-45C4-8DA4-4FEA184F82AB}.Debug|Any CPU.Build.0 = Debug|Any CPU
		{96E9495E-844A-45C4-8DA4-4FEA184F82AB}.Release|Any CPU.ActiveCfg = Release|Any CPU
		{96E9495E-844A-45C4-8DA4-4FEA184F82AB}.Release|Any CPU.Build.0 = Release|Any CPU
	EndGlobalSection
	GlobalSection(SolutionProperties) = preSolution
		HideSolutionNode = FALSE
	EndGlobalSection
EndGlobal
